
Microsoft Visual Studio Solution File, Format Version 12.00
# Visual Studio Version 16
VisualStudioVersion = 16.0.29709.97
MinimumVisualStudioVersion = 10.0.40219.1
Project("{FAE04EC0-301F-11D3-BF4B-00C04F79EFBC}") = "HelloWorld", "HelloWorld\HelloWorld.csproj", "{5CCE7AD9-7F0A-4BD5-8005-964CFC7DA9DF}"
EndProject
Global
	GlobalSection(SolutionConfigurationPlatforms) = preSolution
		Debug|Any CPU = Debug|Any CPU
		Release|Any CPU = Release|Any CPU
	EndGlobalSection
	GlobalSection(ProjectConfigurationPlatforms) = postSolution
		{5CCE7AD9-7F0A-4BD5-8005-964CFC7DA9DF}.Debug|Any CPU.ActiveCfg = Debug|Any CPU
		{5CCE7AD9-7F0A-4BD5-8005-964CFC7DA9DF}.Debug|Any CPU.Build.0 = Debug|Any CPU
		{5CCE7AD9-7F0A-4BD5-8005-964CFC7DA9DF}.Release|Any CPU.ActiveCfg = Release|Any CPU
		{5CCE7AD9-7F0A-4BD5-8005-964CFC7DA9DF}.Release|Any CPU.Build.0 = Release|Any CPU
	EndGlobalSection
	GlobalSection(SolutionProperties) = preSolution
		HideSolutionNode = FALSE
	EndGlobalSection
	GlobalSection(ExtensibilityGlobals) = postSolution
		SolutionGuid = {496A23C5-29EA-49DD-ACB5-62CB2E3BAB1F}
	EndGlobalSection
EndGlobal
