
Microsoft Visual Studio Solution File, Format Version 12.00
# Visual Studio Version 16
VisualStudioVersion = 16.0.29709.97
MinimumVisualStudioVersion = 10.0.40219.1
Project("{FAE04EC0-301F-11D3-BF4B-00C04F79EFBC}") = "UtilsStore", "UtilsStore\UtilsStore.csproj", "{CD36641B-58F8-4BF2-A6F5-D147D00F1E89}"
EndProject
Project("{9A19103F-16F7-4668-BE54-9A1E7A4F7556}") = "UtilsLibrary", "UtilsLibrary\UtilsLibrary.csproj", "{1DC6489A-E867-4698-AEF2-A4330688B836}"
EndProject
Project("{FAE04EC0-301F-11D3-BF4B-00C04F79EFBC}") = "CarConsole", "CarConsole\CarConsole.csproj", "{C0FC2DF4-E072-4B4D-B863-40D435F26071}"
EndProject
Project("{FAE04EC0-301F-11D3-BF4B-00C04F79EFBC}") = "EmployeeDemo", "EmployeeDemo\EmployeeDemo.csproj", "{71CD01BA-CD8D-4646-9E3B-23D1E669F56C}"
EndProject
Project("{FAE04EC0-301F-11D3-BF4B-00C04F79EFBC}") = "UtilsModels", "UtilsModels\UtilsModels.csproj", "{07CA8ED2-5C90-40D2-BBA5-8EF56BD9B7C3}"
EndProject
Project("{FAE04EC0-301F-11D3-BF4B-00C04F79EFBC}") = "ConsoleCar", "ConsoleCar\ConsoleCar.csproj", "{8E3D18E1-165F-4F68-9CCC-C92E07A0F079}"
EndProject
Project("{FAE04EC0-301F-11D3-BF4B-00C04F79EFBC}") = "ConsoleEmployee", "ConsoleEmployee\ConsoleEmployee.csproj", "{3D74C03D-1450-4017-8997-2F8956C9578B}"
EndProject
Global
	GlobalSection(SolutionConfigurationPlatforms) = preSolution
		Debug|Any CPU = Debug|Any CPU
		Release|Any CPU = Release|Any CPU
	EndGlobalSection
	GlobalSection(ProjectConfigurationPlatforms) = postSolution
		{CD36641B-58F8-4BF2-A6F5-D147D00F1E89}.Debug|Any CPU.ActiveCfg = Debug|Any CPU
		{CD36641B-58F8-4BF2-A6F5-D147D00F1E89}.Debug|Any CPU.Build.0 = Debug|Any CPU
		{CD36641B-58F8-4BF2-A6F5-D147D00F1E89}.Release|Any CPU.ActiveCfg = Release|Any CPU
		{CD36641B-58F8-4BF2-A6F5-D147D00F1E89}.Release|Any CPU.Build.0 = Release|Any CPU
		{1DC6489A-E867-4698-AEF2-A4330688B836}.Debug|Any CPU.ActiveCfg = Debug|Any CPU
		{1DC6489A-E867-4698-AEF2-A4330688B836}.Debug|Any CPU.Build.0 = Debug|Any CPU
		{1DC6489A-E867-4698-AEF2-A4330688B836}.Release|Any CPU.ActiveCfg = Release|Any CPU
		{1DC6489A-E867-4698-AEF2-A4330688B836}.Release|Any CPU.Build.0 = Release|Any CPU
		{C0FC2DF4-E072-4B4D-B863-40D435F26071}.Debug|Any CPU.ActiveCfg = Debug|Any CPU
		{C0FC2DF4-E072-4B4D-B863-40D435F26071}.Debug|Any CPU.Build.0 = Debug|Any CPU
		{C0FC2DF4-E072-4B4D-B863-40D435F26071}.Release|Any CPU.ActiveCfg = Release|Any CPU
		{C0FC2DF4-E072-4B4D-B863-40D435F26071}.Release|Any CPU.Build.0 = Release|Any CPU
		{71CD01BA-CD8D-4646-9E3B-23D1E669F56C}.Debug|Any CPU.ActiveCfg = Debug|Any CPU
		{71CD01BA-CD8D-4646-9E3B-23D1E669F56C}.Debug|Any CPU.Build.0 = Debug|Any CPU
		{71CD01BA-CD8D-4646-9E3B-23D1E669F56C}.Release|Any CPU.ActiveCfg = Release|Any CPU
		{71CD01BA-CD8D-4646-9E3B-23D1E669F56C}.Release|Any CPU.Build.0 = Release|Any CPU
		{07CA8ED2-5C90-40D2-BBA5-8EF56BD9B7C3}.Debug|Any CPU.ActiveCfg = Debug|Any CPU
		{07CA8ED2-5C90-40D2-BBA5-8EF56BD9B7C3}.Debug|Any CPU.Build.0 = Debug|Any CPU
		{07CA8ED2-5C90-40D2-BBA5-8EF56BD9B7C3}.Release|Any CPU.ActiveCfg = Release|Any CPU
		{07CA8ED2-5C90-40D2-BBA5-8EF56BD9B7C3}.Release|Any CPU.Build.0 = Release|Any CPU
		{8E3D18E1-165F-4F68-9CCC-C92E07A0F079}.Debug|Any CPU.ActiveCfg = Debug|Any CPU
		{8E3D18E1-165F-4F68-9CCC-C92E07A0F079}.Debug|Any CPU.Build.0 = Debug|Any CPU
		{8E3D18E1-165F-4F68-9CCC-C92E07A0F079}.Release|Any CPU.ActiveCfg = Release|Any CPU
		{8E3D18E1-165F-4F68-9CCC-C92E07A0F079}.Release|Any CPU.Build.0 = Release|Any CPU
		{3D74C03D-1450-4017-8997-2F8956C9578B}.Debug|Any CPU.ActiveCfg = Debug|Any CPU
		{3D74C03D-1450-4017-8997-2F8956C9578B}.Debug|Any CPU.Build.0 = Debug|Any CPU
		{3D74C03D-1450-4017-8997-2F8956C9578B}.Release|Any CPU.ActiveCfg = Release|Any CPU
		{3D74C03D-1450-4017-8997-2F8956C9578B}.Release|Any CPU.Build.0 = Release|Any CPU
	EndGlobalSection
	GlobalSection(SolutionProperties) = preSolution
		HideSolutionNode = FALSE
	EndGlobalSection
	GlobalSection(ExtensibilityGlobals) = postSolution
		SolutionGuid = {88994A4A-C232-4345-B4A3-35E2EBFB9B84}
	EndGlobalSection
EndGlobal
